{
  "name": "html-prettify",
  "version": "2.1.4",
  "lockfileVersion": 1,
  "requires": true,
  "dependencies": {
    "babel-eslint": {
      "version": "7.2.3",
      "resolved": "https://registry.npmjs.org/babel-eslint/-/babel-eslint-7.2.3.tgz",
      "integrity": "sha1-sv4tgBJkcPXBlELcdXJTqJdxCCc=",
      "dev": true
    },
    "babel-plugin-transform-async-to-generator": {
      "version": "6.24.1",
      "resolved": "https://registry.npmjs.org/babel-plugin-transform-async-to-generator/-/babel-plugin-transform-async-to-generator-6.24.1.tgz",
      "integrity": "sha1-ZTbjeK/2yx1VF6wOQOs+n8jQh2E=",
      "dev": true
    },
    "babel-plugin-transform-object-rest-spread": {
      "version": "6.23.0",
      "resolved": "https://registry.npmjs.org/babel-plugin-transform-object-rest-spread/-/babel-plugin-transform-object-rest-spread-6.23.0.tgz",
      "integrity": "sha1-h11ryb52HFiirj/u5dxIldjH+SE=",
      "dev": true
    },
    "babel-plugin-transform-runtime": {
      "version": "6.23.0",
      "resolved": "https://registry.npmjs.org/babel-plugin-transform-runtime/-/babel-plugin-transform-runtime-6.23.0.tgz",
      "integrity": "sha1-iEkNRGUC6puOfvsP4J7E2ZR5se4=",
      "dev": true
    },
    "babel-preset-es2015": {
      "version": "6.24.1",
      "resolved": "https://registry.npmjs.org/babel-preset-es2015/-/babel-preset-es2015-6.24.1.tgz",
      "integrity": "sha1-1EBQ1rwsn+6nAqrzjXJ6AhBTiTk=",
      "dev": true
    },
    "babel-runtime": {
      "version": "6.23.0",
      "resolved": "https://registry.npmjs.org/babel-runtime/-/babel-runtime-6.23.0.tgz",
      "integrity": "sha1-CpSJ8UTecO+zzkMArM2zKeL8VDs="
    },
    "del": {
      "version": "3.0.0",
      "resolved": "https://registry.npmjs.org/del/-/del-3.0.0.tgz",
      "integrity": "sha1-U+z2mf/LyzljdpGrE7rxYIGXZuU=",
      "dev": true
    },
    "editorconfig-parser": {
      "version": "0.0.2",
      "resolved": "https://registry.npmjs.org/editorconfig-parser/-/editorconfig-parser-0.0.2.tgz",
      "integrity": "sha1-R3/uw5XdDIWVgui43jRAjSsoEEs="
    },
    "eslint-config-airbnb-base": {
      "version": "11.2.0",
      "resolved": "https://registry.npmjs.org/eslint-config-airbnb-base/-/eslint-config-airbnb-base-11.2.0.tgz",
      "integrity": "sha1-GancRIGib3CQRUXsBAEWh2AY+FM=",
      "dev": true
    },
    "eslint-plugin-import": {
      "version": "2.6.0",
      "resolved": "https://registry.npmjs.org/eslint-plugin-import/-/eslint-plugin-import-2.6.0.tgz",
      "integrity": "sha512-JdkYDmMMjhxW6X/IVclD+vQXO6e2nJJT4cKcyTw95mvBCWkr8THXKFhc+WCvGvOscjGuLQzUB7tBeJddrg2jig==",
      "dev": true
    },
    "fs-extra": {
      "version": "3.0.1",
      "resolved": "https://registry.npmjs.org/fs-extra/-/fs-extra-3.0.1.tgz",
      "integrity": "sha1-N5TzeMWLNC6n27sjCVEJxLO2IpE="
    },
    "gulp": {
      "version": "github:gulpjs/gulp#38246c3f8b6dbb8d4ef657183e92d90c8299e22f",
      "from": "github:gulpjs/gulp#38246c3f8b6dbb8d4ef657183e92d90c8299e22f",
      "dev": true,
      "dependencies": {
        "gulp-cli": {
          "version": "1.3.0",
          "resolved": "https://registry.npmjs.org/gulp-cli/-/gulp-cli-1.3.0.tgz",
          "integrity": "sha1-pr+7i+NTQb4pCuRc0+QBBxIW7dQ="
        }
      }
    },
    "gulp-babel": {
      "version": "6.1.2",
      "resolved": "https://registry.npmjs.org/gulp-babel/-/gulp-babel-6.1.2.tgz",
      "integrity": "sha1-fAF25Lo/JExgWIoMSzIKRdGt784=",
      "dev": true
    },
    "gulp-changed": {
      "version": "3.1.0",
      "resolved": "https://registry.npmjs.org/gulp-changed/-/gulp-changed-3.1.0.tgz",
      "integrity": "sha1-h80Vk6C7SlEp3C8im+zm2UiMJyo=",
      "dev": true,
      "dependencies": {
        "pify": {
          "version": "2.3.0",
          "resolved": "https://registry.npmjs.org/pify/-/pify-2.3.0.tgz",
          "integrity": "sha1-7RQaasBDqEnqWISY59yosVMw6Qw="
        }
      }
    },
    "gulp-debug": {
      "version": "3.1.0",
      "resolved": "https://registry.npmjs.org/gulp-debug/-/gulp-debug-3.1.0.tgz",
      "integrity": "sha1-TakVaLVJFb6ANpbKqsEMiVssCnE=",
      "dev": true
    },
    "gulp-eslint": {
      "version": "3.0.1",
      "resolved": "https://registry.npmjs.org/gulp-eslint/-/gulp-eslint-3.0.1.tgz",
      "integrity": "sha1-BOV+PhjGl0JnwSz2hV3HF9SjE70=",
      "dev": true
    },
    "gulp-if": {
      "version": "2.0.2",
      "resolved": "https://registry.npmjs.org/gulp-if/-/gulp-if-2.0.2.tgz",
      "integrity": "sha1-pJe351cwBQQcqivIt92jyARE1ik=",
      "dev": true
    },
    "is-glob": {
      "version": "3.1.0",
      "resolved": "https://registry.npmjs.org/is-glob/-/is-glob-3.1.0.tgz",
      "integrity": "sha1-e6WuJCF4BKxwcHuWkiVnSGzD6Eo="
    },
    "js-beautify": {
      "version": "1.6.14",
      "resolved": "https://registry.npmjs.org/js-beautify/-/js-beautify-1.6.14.tgz",
      "integrity": "sha1-07j3Mi0CuSd9WL0jgmTDJ+WARM0="
    },
    "json5": {
      "version": "0.5.1",
      "resolved": "https://registry.npmjs.org/json5/-/json5-0.5.1.tgz",
      "integrity": "sha1-Hq3nrMASA0rYTiOWdn6tn6VJWCE="
    },
    "lodash": {
      "version": "4.17.21",
      "resolved": "https://registry.npmjs.org/lodash/-/lodash-4.17.21.tgz",
      "integrity": "sha512-v2kDEe57lecTulaDIuNTPy3Ry4gLGJ6Z1O3vE1krgXZNrsQ+LFTGHVxVjcXPs17LhbZVGedAJv8XZ1tvj5FvSg=="
    },
    "map-obj": {
      "version": "2.0.0",
      "resolved": "https://registry.npmjs.org/map-obj/-/map-obj-2.0.0.tgz",
      "integrity": "sha1-plzSkIepJZi4eRJXpSPgISIqwfk="
    },
    "minimatch": {
      "version": "3.0.4",
      "resolved": "https://registry.npmjs.org/minimatch/-/minimatch-3.0.4.tgz",
      "integrity": "sha512-yJHVQEhyqPLUTgt9B83PXu6W3rx4MvvHvSUvToogpwoGDOUQ+yDrR0HRot+yOCdCO7u4hX3pWft6kWBBcqh0UA=="
    },
    "promise-arrays": {
      "version": "0.1.0",
      "resolved": "https://registry.npmjs.org/promise-arrays/-/promise-arrays-0.1.0.tgz",
      "integrity": "sha1-+BZ1nSJP8NlGkUyC/9N8nxLjFIA="
    }
  }
}
